
Microsoft Visual Studio Solution File, Format Version 12.00
# Visual Studio Version 17
VisualStudioVersion = 17.2.32526.322
MinimumVisualStudioVersion = 10.0.40219.1
Project("{FAE04EC0-301F-11D3-BF4B-00C04F79EFBC}") = "CS17", "CS17\CS17.csproj", "{656872E0-ACB9-4E1A-9024-7DC02F4BFE1E}"
EndProject
Global
	GlobalSection(SolutionConfigurationPlatforms) = preSolution
		Debug|Any CPU = Debug|Any CPU
		Release|Any CPU = Release|Any CPU
	EndGlobalSection
	GlobalSection(ProjectConfigurationPlatforms) = postSolution
		{656872E0-ACB9-4E1A-9024-7DC02F4BFE1E}.Debug|Any CPU.ActiveCfg = Debug|Any CPU
		{656872E0-ACB9-4E1A-9024-7DC02F4BFE1E}.Debug|Any CPU.Build.0 = Debug|Any CPU
		{656872E0-ACB9-4E1A-9024-7DC02F4BFE1E}.Release|Any CPU.ActiveCfg = Release|Any CPU
		{656872E0-ACB9-4E1A-9024-7DC02F4BFE1E}.Release|Any CPU.Build.0 = Release|Any CPU
	EndGlobalSection
	GlobalSection(SolutionProperties) = preSolution
		HideSolutionNode = FALSE
	EndGlobalSection
	GlobalSection(ExtensibilityGlobals) = postSolution
		SolutionGuid = {D8701AAD-D51F-495E-97B7-4B668F96A71A}
	EndGlobalSection
EndGlobal
